
Microsoft Visual Studio Solution File, Format Version 12.00
# Visual Studio 15
VisualStudioVersion = 15.0.28307.645
MinimumVisualStudioVersion = 10.0.40219.1
Project("{FAE04EC0-301F-11D3-BF4B-00C04F79EFBC}") = "PianoQuiz", "PianoQuiz\PianoQuiz.csproj", "{43102925-9C75-4D54-8345-4BF0C7539154}"
EndProject
Global
	GlobalSection(SolutionConfigurationPlatforms) = preSolution
		Debug|Any CPU = Debug|Any CPU
		Release|Any CPU = Release|Any CPU
	EndGlobalSection
	GlobalSection(ProjectConfigurationPlatforms) = postSolution
		{43102925-9C75-4D54-8345-4BF0C7539154}.Debug|Any CPU.ActiveCfg = Debug|Any CPU
		{43102925-9C75-4D54-8345-4BF0C7539154}.Debug|Any CPU.Build.0 = Debug|Any CPU
		{43102925-9C75-4D54-8345-4BF0C7539154}.Release|Any CPU.ActiveCfg = Release|Any CPU
		{43102925-9C75-4D54-8345-4BF0C7539154}.Release|Any CPU.Build.0 = Release|Any CPU
	EndGlobalSection
	GlobalSection(SolutionProperties) = preSolution
		HideSolutionNode = FALSE
	EndGlobalSection
	GlobalSection(ExtensibilityGlobals) = postSolution
		SolutionGuid = {07F66F4A-C524-4EEB-B660-FBE2D6F4B825}
	EndGlobalSection
EndGlobal
